
Microsoft Visual Studio Solution File, Format Version 12.00
# Visual Studio Version 17
VisualStudioVersion = 17.9.34902.65
MinimumVisualStudioVersion = 10.0.40219.1
Project("{FAE04EC0-301F-11D3-BF4B-00C04F79EFBC}") = "PHAddressWebApi", "WebApplication1\PHAddressWebApi.csproj", "{7C7798F5-F3BD-40D3-8951-5F2CF470801D}"
EndProject
Project("{FAE04EC0-301F-11D3-BF4B-00C04F79EFBC}") = "PHAddressClassLibrary", "PHAddressClassLibrary\PHAddressClassLibrary.csproj", "{973E24CE-600D-4819-B1B0-5D24D877A465}"
EndProject
Global
	GlobalSection(SolutionConfigurationPlatforms) = preSolution
		Debug|Any CPU = Debug|Any CPU
		Release|Any CPU = Release|Any CPU
	EndGlobalSection
	GlobalSection(ProjectConfigurationPlatforms) = postSolution
		{7C7798F5-F3BD-40D3-8951-5F2CF470801D}.Debug|Any CPU.ActiveCfg = Debug|Any CPU
		{7C7798F5-F3BD-40D3-8951-5F2CF470801D}.Debug|Any CPU.Build.0 = Debug|Any CPU
		{7C7798F5-F3BD-40D3-8951-5F2CF470801D}.Release|Any CPU.ActiveCfg = Release|Any CPU
		{7C7798F5-F3BD-40D3-8951-5F2CF470801D}.Release|Any CPU.Build.0 = Release|Any CPU
		{973E24CE-600D-4819-B1B0-5D24D877A465}.Debug|Any CPU.ActiveCfg = Debug|Any CPU
		{973E24CE-600D-4819-B1B0-5D24D877A465}.Debug|Any CPU.Build.0 = Debug|Any CPU
		{973E24CE-600D-4819-B1B0-5D24D877A465}.Release|Any CPU.ActiveCfg = Release|Any CPU
		{973E24CE-600D-4819-B1B0-5D24D877A465}.Release|Any CPU.Build.0 = Release|Any CPU
	EndGlobalSection
	GlobalSection(SolutionProperties) = preSolution
		HideSolutionNode = FALSE
	EndGlobalSection
	GlobalSection(ExtensibilityGlobals) = postSolution
		SolutionGuid = {9DF772E0-F75C-4576-B603-558613AB780A}
	EndGlobalSection
EndGlobal
